
Microsoft Visual Studio Solution File, Format Version 12.00
# Visual Studio Version 17
VisualStudioVersion = 17.11.35222.181
MinimumVisualStudioVersion = 10.0.40219.1
Project("{FAE04EC0-301F-11D3-BF4B-00C04F79EFBC}") = "LABORATORY 6 TASKS", "LABORATORY 6 TASKS.csproj", "{5162DE85-5718-4E17-803E-3A5A7C5BAA1F}"
EndProject
Global
	GlobalSection(SolutionConfigurationPlatforms) = preSolution
		Debug|Any CPU = Debug|Any CPU
		Release|Any CPU = Release|Any CPU
	EndGlobalSection
	GlobalSection(ProjectConfigurationPlatforms) = postSolution
		{5162DE85-5718-4E17-803E-3A5A7C5BAA1F}.Debug|Any CPU.ActiveCfg = Debug|Any CPU
		{5162DE85-5718-4E17-803E-3A5A7C5BAA1F}.Debug|Any CPU.Build.0 = Debug|Any CPU
		{5162DE85-5718-4E17-803E-3A5A7C5BAA1F}.Release|Any CPU.ActiveCfg = Release|Any CPU
		{5162DE85-5718-4E17-803E-3A5A7C5BAA1F}.Release|Any CPU.Build.0 = Release|Any CPU
	EndGlobalSection
	GlobalSection(SolutionProperties) = preSolution
		HideSolutionNode = FALSE
	EndGlobalSection
	GlobalSection(ExtensibilityGlobals) = postSolution
		SolutionGuid = {E1010E6B-B513-4BE5-B59D-CEA7EB25C57E}
	EndGlobalSection
EndGlobal
