
Microsoft Visual Studio Solution File, Format Version 12.00
# Visual Studio Version 17
VisualStudioVersion = 17.11.35222.181
MinimumVisualStudioVersion = 10.0.40219.1
Project("{FAE04EC0-301F-11D3-BF4B-00C04F79EFBC}") = "C3", "C3.csproj", "{2662F6EA-F486-42FE-9CE3-4CA47B616EB4}"
EndProject
Global
	GlobalSection(SolutionConfigurationPlatforms) = preSolution
		Debug|Any CPU = Debug|Any CPU
		Release|Any CPU = Release|Any CPU
	EndGlobalSection
	GlobalSection(ProjectConfigurationPlatforms) = postSolution
		{2662F6EA-F486-42FE-9CE3-4CA47B616EB4}.Debug|Any CPU.ActiveCfg = Debug|Any CPU
		{2662F6EA-F486-42FE-9CE3-4CA47B616EB4}.Debug|Any CPU.Build.0 = Debug|Any CPU
		{2662F6EA-F486-42FE-9CE3-4CA47B616EB4}.Release|Any CPU.ActiveCfg = Release|Any CPU
		{2662F6EA-F486-42FE-9CE3-4CA47B616EB4}.Release|Any CPU.Build.0 = Release|Any CPU
	EndGlobalSection
	GlobalSection(SolutionProperties) = preSolution
		HideSolutionNode = FALSE
	EndGlobalSection
	GlobalSection(ExtensibilityGlobals) = postSolution
		SolutionGuid = {39BCEE07-7411-4E60-BCB4-5BAA2F54EEBE}
	EndGlobalSection
EndGlobal
