
Microsoft Visual Studio Solution File, Format Version 12.00
# Visual Studio Version 17
VisualStudioVersion = 17.13.35828.75 d17.13
MinimumVisualStudioVersion = 10.0.40219.1
Project("{FAE04EC0-301F-11D3-BF4B-00C04F79EFBC}") = "Laboratory_1", "Laboratory_1\Laboratory_1.csproj", "{760F1CCD-2FCD-43E4-8B70-12E65EB1C0AE}"
EndProject
Global
	GlobalSection(SolutionConfigurationPlatforms) = preSolution
		Debug|Any CPU = Debug|Any CPU
		Release|Any CPU = Release|Any CPU
	EndGlobalSection
	GlobalSection(ProjectConfigurationPlatforms) = postSolution
		{760F1CCD-2FCD-43E4-8B70-12E65EB1C0AE}.Debug|Any CPU.ActiveCfg = Debug|Any CPU
		{760F1CCD-2FCD-43E4-8B70-12E65EB1C0AE}.Debug|Any CPU.Build.0 = Debug|Any CPU
		{760F1CCD-2FCD-43E4-8B70-12E65EB1C0AE}.Release|Any CPU.ActiveCfg = Release|Any CPU
		{760F1CCD-2FCD-43E4-8B70-12E65EB1C0AE}.Release|Any CPU.Build.0 = Release|Any CPU
	EndGlobalSection
	GlobalSection(SolutionProperties) = preSolution
		HideSolutionNode = FALSE
	EndGlobalSection
	GlobalSection(ExtensibilityGlobals) = postSolution
		SolutionGuid = {53B4F8EE-0D9B-42BD-9285-633AFD9C9F95}
	EndGlobalSection
EndGlobal
